
Microsoft Visual Studio Solution File, Format Version 12.00
# Visual Studio 15
Project("{FAE04EC0-301F-11D3-BF4B-00C04F79EFBC}") = "Assembly-CSharp", "Assembly-CSharp.csproj", "{439B870B-2965-9ACE-036B-C171C9352891}"
EndProject
Project("{FAE04EC0-301F-11D3-BF4B-00C04F79EFBC}") = "Assembly-CSharp-firstpass", "Assembly-CSharp-firstpass.csproj", "{427828A3-9227-B4A4-D1FE-0D845D5CE6FB}"
EndProject
Project("{FAE04EC0-301F-11D3-BF4B-00C04F79EFBC}") = "Assembly-CSharp-Editor-firstpass", "Assembly-CSharp-Editor-firstpass.csproj", "{A2025452-5BE4-0ED4-ECE2-334A0A31E8CD}"
EndProject
Global
	GlobalSection(SolutionConfigurationPlatforms) = preSolution
		Debug|Any CPU = Debug|Any CPU
		Release|Any CPU = Release|Any CPU
	EndGlobalSection
	GlobalSection(ProjectConfigurationPlatforms) = postSolution
		{439B870B-2965-9ACE-036B-C171C9352891}.Debug|Any CPU.ActiveCfg = Debug|Any CPU
		{439B870B-2965-9ACE-036B-C171C9352891}.Debug|Any CPU.Build.0 = Debug|Any CPU
		{439B870B-2965-9ACE-036B-C171C9352891}.Release|Any CPU.ActiveCfg = Release|Any CPU
		{439B870B-2965-9ACE-036B-C171C9352891}.Release|Any CPU.Build.0 = Release|Any CPU
		{427828A3-9227-B4A4-D1FE-0D845D5CE6FB}.Debug|Any CPU.ActiveCfg = Debug|Any CPU
		{427828A3-9227-B4A4-D1FE-0D845D5CE6FB}.Debug|Any CPU.Build.0 = Debug|Any CPU
		{427828A3-9227-B4A4-D1FE-0D845D5CE6FB}.Release|Any CPU.ActiveCfg = Release|Any CPU
		{427828A3-9227-B4A4-D1FE-0D845D5CE6FB}.Release|Any CPU.Build.0 = Release|Any CPU
		{A2025452-5BE4-0ED4-ECE2-334A0A31E8CD}.Debug|Any CPU.ActiveCfg = Debug|Any CPU
		{A2025452-5BE4-0ED4-ECE2-334A0A31E8CD}.Debug|Any CPU.Build.0 = Debug|Any CPU
		{A2025452-5BE4-0ED4-ECE2-334A0A31E8CD}.Release|Any CPU.ActiveCfg = Release|Any CPU
		{A2025452-5BE4-0ED4-ECE2-334A0A31E8CD}.Release|Any CPU.Build.0 = Release|Any CPU
	EndGlobalSection
	GlobalSection(SolutionProperties) = preSolution
		HideSolutionNode = FALSE
	EndGlobalSection
EndGlobal
