
Microsoft Visual Studio Solution File, Format Version 11.00
# Visual Studio 2010
Project("{FAE04EC0-301F-11D3-BF4B-00C04F79EFBC}") = "Assembly-CSharp", "Assembly-CSharp.csproj", "{F96C1BB2-ECD3-0CFC-0447-516FA4809E13}"
EndProject
Project("{FAE04EC0-301F-11D3-BF4B-00C04F79EFBC}") = "Assembly-CSharp-firstpass", "Assembly-CSharp-firstpass.csproj", "{4DDF4969-8325-3AE5-68BE-DA76E264F173}"
EndProject
Project("{FAE04EC0-301F-11D3-BF4B-00C04F79EFBC}") = "Assembly-CSharp-Editor-firstpass", "Assembly-CSharp-Editor-firstpass.csproj", "{0239CB33-A9B7-F4F7-D325-8907913E1D65}"
EndProject
Global
	GlobalSection(SolutionConfigurationPlatforms) = preSolution
		Debug|Any CPU = Debug|Any CPU
		Release|Any CPU = Release|Any CPU
	EndGlobalSection
	GlobalSection(ProjectConfigurationPlatforms) = postSolution
		{F96C1BB2-ECD3-0CFC-0447-516FA4809E13}.Debug|Any CPU.ActiveCfg = Debug|Any CPU
		{F96C1BB2-ECD3-0CFC-0447-516FA4809E13}.Debug|Any CPU.Build.0 = Debug|Any CPU
		{F96C1BB2-ECD3-0CFC-0447-516FA4809E13}.Release|Any CPU.ActiveCfg = Release|Any CPU
		{F96C1BB2-ECD3-0CFC-0447-516FA4809E13}.Release|Any CPU.Build.0 = Release|Any CPU
		{4DDF4969-8325-3AE5-68BE-DA76E264F173}.Debug|Any CPU.ActiveCfg = Debug|Any CPU
		{4DDF4969-8325-3AE5-68BE-DA76E264F173}.Debug|Any CPU.Build.0 = Debug|Any CPU
		{4DDF4969-8325-3AE5-68BE-DA76E264F173}.Release|Any CPU.ActiveCfg = Release|Any CPU
		{4DDF4969-8325-3AE5-68BE-DA76E264F173}.Release|Any CPU.Build.0 = Release|Any CPU
		{0239CB33-A9B7-F4F7-D325-8907913E1D65}.Debug|Any CPU.ActiveCfg = Debug|Any CPU
		{0239CB33-A9B7-F4F7-D325-8907913E1D65}.Debug|Any CPU.Build.0 = Debug|Any CPU
		{0239CB33-A9B7-F4F7-D325-8907913E1D65}.Release|Any CPU.ActiveCfg = Release|Any CPU
		{0239CB33-A9B7-F4F7-D325-8907913E1D65}.Release|Any CPU.Build.0 = Release|Any CPU
	EndGlobalSection
	GlobalSection(SolutionProperties) = preSolution
		HideSolutionNode = FALSE
	EndGlobalSection
	GlobalSection(MonoDevelopProperties) = preSolution
		StartupItem = Assembly-CSharp.csproj
	EndGlobalSection
EndGlobal
